// !$*UTF8*$!
{
	archiveVersion = 1;
	classes = {
	};
	objectVersion = 56;
	objects = {

/* Begin PBXBuildFile section */
		B900EACA2BEBE27B00DDCBC0 /* AppDelegate.swift in Sources */ = {isa = PBXBuildFile; fileRef = B900EAC92BEBE27B00DDCBC0 /* AppDelegate.swift */; };
		B900EACC2BEBE27B00DDCBC0 /* SceneDelegate.swift in Sources */ = {isa = PBXBuildFile; fileRef = B900EACB2BEBE27B00DDCBC0 /* SceneDelegate.swift */; };
		B900EACE2BEBE27B00DDCBC0 /* ViewController.swift in Sources */ = {isa = PBXBuildFile; fileRef = B900EACD2BEBE27B00DDCBC0 /* ViewController.swift */; };
		B900EAD12BEBE27B00DDCBC0 /* Base in Resources */ = {isa = PBXBuildFile; fileRef = B900EAD02BEBE27B00DDCBC0 /* Base */; };
		B900EAD42BEBE27B00DDCBC0 /* PerezColeccionDeJuegos.xcdatamodeld in Sources */ = {isa = PBXBuildFile; fileRef = B900EAD22BEBE27B00DDCBC0 /* PerezColeccionDeJuegos.xcdatamodeld */; };
		B900EAD62BEBE27D00DDCBC0 /* Assets.xcassets in Resources */ = {isa = PBXBuildFile; fileRef = B900EAD52BEBE27D00DDCBC0 /* Assets.xcassets */; };
		B900EAD92BEBE27D00DDCBC0 /* Base in Resources */ = {isa = PBXBuildFile; fileRef = B900EAD82BEBE27D00DDCBC0 /* Base */; };
		B900EAE32BEC019A00DDCBC0 /* JuegosViewController.swift in Sources */ = {isa = PBXBuildFile; fileRef = B900EAE22BEC019A00DDCBC0 /* JuegosViewController.swift */; };
/* End PBXBuildFile section */

/* Begin PBXFileReference section */
		B900EAC62BEBE27B00DDCBC0 /* PerezColeccionDeJuegos.app */ = {isa = PBXFileReference; explicitFileType = wrapper.application; includeInIndex = 0; path = PerezColeccionDeJuegos.app; sourceTree = BUILT_PRODUCTS_DIR; };
		B900EAC92BEBE27B00DDCBC0 /* AppDelegate.swift */ = {isa = PBXFileReference; lastKnownFileType = sourcecode.swift; path = AppDelegate.swift; sourceTree = "<group>"; };
		B900EACB2BEBE27B00DDCBC0 /* SceneDelegate.swift */ = {isa = PBXFileReference; lastKnownFileType = sourcecode.swift; path = SceneDelegate.swift; sourceTree = "<group>"; };
		B900EACD2BEBE27B00DDCBC0 /* ViewController.swift */ = {isa = PBXFileReference; lastKnownFileType = sourcecode.swift; path = ViewController.swift; sourceTree = "<group>"; };
		B900EAD02BEBE27B00DDCBC0 /* Base */ = {isa = PBXFileReference; lastKnownFileType = file.storyboard; name = Base; path = Base.lproj/Main.storyboard; sourceTree = "<group>"; };
		B900EAD32BEBE27B00DDCBC0 /* PerezColeccionDeJuegos.xcdatamodel */ = {isa = PBXFileReference; lastKnownFileType = wrapper.xcdatamodel; path = PerezColeccionDeJuegos.xcdatamodel; sourceTree = "<group>"; };
		B900EAD52BEBE27D00DDCBC0 /* Assets.xcassets */ = {isa = PBXFileReference; lastKnownFileType = folder.assetcatalog; path = Assets.xcassets; sourceTree = "<group>"; };
		B900EAD82BEBE27D00DDCBC0 /* Base */ = {isa = PBXFileReference; lastKnownFileType = file.storyboard; name = Base; path = Base.lproj/LaunchScreen.storyboard; sourceTree = "<group>"; };
		B900EADA2BEBE27D00DDCBC0 /* Info.plist */ = {isa = PBXFileReference; lastKnownFileType = text.plist.xml; path = Info.plist; sourceTree = "<group>"; };
		B900EAE22BEC019A00DDCBC0 /* JuegosViewController.swift */ = {isa = PBXFileReference; lastKnownFileType = sourcecode.swift; path = JuegosViewController.swift; sourceTree = "<group>"; };
/* End PBXFileReference section */

/* Begin PBXFrameworksBuildPhase section */
		B900EAC32BEBE27B00DDCBC0 /* Frameworks */ = {
			isa = PBXFrameworksBuildPhase;
			buildActionMask = 2147483647;
			files = (
			);
			runOnlyForDeploymentPostprocessing = 0;
		};
/* End PBXFrameworksBuildPhase section */

/* Begin PBXGroup section */
		B900EABD2BEBE27B00DDCBC0 = {
			isa = PBXGroup;
			children = (
				B900EAC82BEBE27B00DDCBC0 /* PerezColeccionDeJuegos */,
				B900EAC72BEBE27B00DDCBC0 /* Products */,
			);
			sourceTree = "<group>";
		};
		B900EAC72BEBE27B00DDCBC0 /* Products */ = {
			isa = PBXGroup;
			children = (
				B900EAC62BEBE27B00DDCBC0 /* PerezColeccionDeJuegos.app */,
			);
			name = Products;
			sourceTree = "<group>";
		};
		B900EAC82BEBE27B00DDCBC0 /* PerezColeccionDeJuegos */ = {
			isa = PBXGroup;
			children = (
				B900EAC92BEBE27B00DDCBC0 /* AppDelegate.swift */,
				B900EACB2BEBE27B00DDCBC0 /* SceneDelegate.swift */,
				B900EACD2BEBE27B00DDCBC0 /* ViewController.swift */,
				B900EACF2BEBE27B00DDCBC0 /* Main.storyboard */,
				B900EAE22BEC019A00DDCBC0 /* JuegosViewController.swift */,
				B900EAD52BEBE27D00DDCBC0 /* Assets.xcassets */,
				B900EAD72BEBE27D00DDCBC0 /* LaunchScreen.storyboard */,
				B900EADA2BEBE27D00DDCBC0 /* Info.plist */,
				B900EAD22BEBE27B00DDCBC0 /* PerezColeccionDeJuegos.xcdatamodeld */,
			);
			path = PerezColeccionDeJuegos;
			sourceTree = "<group>";
		};
/* End PBXGroup section */

/* Begin PBXNativeTarget section */
		B900EAC52BEBE27B00DDCBC0 /* PerezColeccionDeJuegos */ = {
			isa = PBXNativeTarget;
			buildConfigurationList = B900EADD2BEBE27D00DDCBC0 /* Build configuration list for PBXNativeTarget "PerezColeccionDeJuegos" */;
			buildPhases = (
				B900EAC22BEBE27B00DDCBC0 /* Sources */,
				B900EAC32BEBE27B00DDCBC0 /* Frameworks */,
				B900EAC42BEBE27B00DDCBC0 /* Resources */,
			);
			buildRules = (
			);
			dependencies = (
			);
			name = PerezColeccionDeJuegos;
			productName = PerezColeccionDeJuegos;
			productReference = B900EAC62BEBE27B00DDCBC0 /* PerezColeccionDeJuegos.app */;
			productType = "com.apple.product-type.application";
		};
/* End PBXNativeTarget section */

/* Begin PBXProject section */
		B900EABE2BEBE27B00DDCBC0 /* Project object */ = {
			isa = PBXProject;
			attributes = {
				BuildIndependentTargetsInParallel = 1;
				LastSwiftUpdateCheck = 1530;
				LastUpgradeCheck = 1530;
				TargetAttributes = {
					B900EAC52BEBE27B00DDCBC0 = {
						CreatedOnToolsVersion = 15.3;
					};
				};
			};
			buildConfigurationList = B900EAC12BEBE27B00DDCBC0 /* Build configuration list for PBXProject "PerezColeccionDeJuegos" */;
			compatibilityVersion = "Xcode 14.0";
			developmentRegion = en;
			hasScannedForEncodings = 0;
			knownRegions = (
				en,
				Base,
			);
			mainGroup = B900EABD2BEBE27B00DDCBC0;
			productRefGroup = B900EAC72BEBE27B00DDCBC0 /* Products */;
			projectDirPath = "";
			projectRoot = "";
			targets = (
				B900EAC52BEBE27B00DDCBC0 /* PerezColeccionDeJuegos */,
			);
		};
/* End PBXProject section */

/* Begin PBXResourcesBuildPhase section */
		B900EAC42BEBE27B00DDCBC0 /* Resources */ = {
			isa = PBXResourcesBuildPhase;
			buildActionMask = 2147483647;
			files = (
				B900EAD62BEBE27D00DDCBC0 /* Assets.xcassets in Resources */,
				B900EAD92BEBE27D00DDCBC0 /* Base in Resources */,
				B900EAD12BEBE27B00DDCBC0 /* Base in Resources */,
			);
			runOnlyForDeploymentPostprocessing = 0;
		};
/* End PBXResourcesBuildPhase section */

/* Begin PBXSourcesBuildPhase section */
		B900EAC22BEBE27B00DDCBC0 /* Sources */ = {
			isa = PBXSourcesBuildPhase;
			buildActionMask = 2147483647;
			files = (
				B900EAE32BEC019A00DDCBC0 /* JuegosViewController.swift in Sources */,
				B900EACE2BEBE27B00DDCBC0 /* ViewController.swift in Sources */,
				B900EACA2BEBE27B00DDCBC0 /* AppDelegate.swift in Sources */,
				B900EAD42BEBE27B00DDCBC0 /* PerezColeccionDeJuegos.xcdatamodeld in Sources */,
				B900EACC2BEBE27B00DDCBC0 /* SceneDelegate.swift in Sources */,
			);
			runOnlyForDeploymentPostprocessing = 0;
		};
/* End PBXSourcesBuildPhase section */

/* Begin PBXVariantGroup section */
		B900EACF2BEBE27B00DDCBC0 /* Main.storyboard */ = {
			isa = PBXVariantGroup;
			children = (
				B900EAD02BEBE27B00DDCBC0 /* Base */,
			);
			name = Main.storyboard;
			sourceTree = "<group>";
		};
		B900EAD72BEBE27D00DDCBC0 /* LaunchScreen.storyboard */ = {
			isa = PBXVariantGroup;
			children = (
				B900EAD82BEBE27D00DDCBC0 /* Base */,
			);
			name = LaunchScreen.storyboard;
			sourceTree = "<group>";
		};
/* End PBXVariantGroup section */

/* Begin XCBuildConfiguration section */
		B900EADB2BEBE27D00DDCBC0 /* Debug */ = {
			isa = XCBuildConfiguration;
			buildSettings = {
				ALWAYS_SEARCH_USER_PATHS = NO;
				ASSETCATALOG_COMPILER_GENERATE_SWIFT_ASSET_SYMBOL_EXTENSIONS = YES;
				CLANG_ANALYZER_NONNULL = YES;
				CLANG_ANALYZER_NUMBER_OBJECT_CONVERSION = YES_AGGRESSIVE;
				CLANG_CXX_LANGUAGE_STANDARD = "gnu++20";
				CLANG_ENABLE_MODULES = YES;
				CLANG_ENABLE_OBJC_ARC = YES;
				CLANG_ENABLE_OBJC_WEAK = YES;
				CLANG_WARN_BLOCK_CAPTURE_AUTORELEASING = YES;
				CLANG_WARN_BOOL_CONVERSION = YES;
				CLANG_WARN_COMMA = YES;
				CLANG_WARN_CONSTANT_CONVERSION = YES;
				CLANG_WARN_DEPRECATED_OBJC_IMPLEMENTATIONS = YES;
				CLANG_WARN_DIRECT_OBJC_ISA_USAGE = YES_ERROR;
				CLANG_WARN_DOCUMENTATION_COMMENTS = YES;
				CLANG_WARN_EMPTY_BODY = YES;
				CLANG_WARN_ENUM_CONVERSION = YES;
				CLANG_WARN_INFINITE_RECURSION = YES;
				CLANG_WARN_INT_CONVERSION = YES;
				CLANG_WARN_NON_LITERAL_NULL_CONVERSION = YES;
				CLANG_WARN_OBJC_IMPLICIT_RETAIN_SELF = YES;
				CLANG_WARN_OBJC_LITERAL_CONVERSION = YES;
				CLANG_WARN_OBJC_ROOT_CLASS = YES_ERROR;
				CLANG_WARN_QUOTED_INCLUDE_IN_FRAMEWORK_HEADER = YES;
				CLANG_WARN_RANGE_LOOP_ANALYSIS = YES;
				CLANG_WARN_STRICT_PROTOTYPES = YES;
				CLANG_WARN_SUSPICIOUS_MOVE = YES;
				CLANG_WARN_UNGUARDED_AVAILABILITY = YES_AGGRESSIVE;
				CLANG_WARN_UNREACHABLE_CODE = YES;
				CLANG_WARN__DUPLICATE_METHOD_MATCH = YES;
				COPY_PHASE_STRIP = NO;
				DEBUG_INFORMATION_FORMAT = dwarf;
				ENABLE_STRICT_OBJC_MSGSEND = YES;
				ENABLE_TESTABILITY = YES;
				ENABLE_USER_SCRIPT_SANDBOXING = YES;
				GCC_C_LANGUAGE_STANDARD = gnu17;
				GCC_DYNAMIC_NO_PIC = NO;
				GCC_NO_COMMON_BLOCKS = YES;
				GCC_OPTIMIZATION_LEVEL = 0;
				GCC_PREPROCESSOR_DEFINITIONS = (
					"DEBUG=1",
					"$(inherited)",
				);
				GCC_WARN_64_TO_32_BIT_CONVERSION = YES;
				GCC_WARN_ABOUT_RETURN_TYPE = YES_ERROR;
				GCC_WARN_UNDECLARED_SELECTOR = YES;
				GCC_WARN_UNINITIALIZED_AUTOS = YES_AGGRESSIVE;
				GCC_WARN_UNUSED_FUNCTION = YES;
				GCC_WARN_UNUSED_VARIABLE = YES;
				IPHONEOS_DEPLOYMENT_TARGET = 17.4;
				LOCALIZATION_PREFERS_STRING_CATALOGS = YES;
				MTL_ENABLE_DEBUG_INFO = INCLUDE_SOURCE;
				MTL_FAST_MATH = YES;
				ONLY_ACTIVE_ARCH = YES;
				SDKROOT = iphoneos;
				SWIFT_ACTIVE_COMPILATION_CONDITIONS = "DEBUG $(inherited)";
				SWIFT_OPTIMIZATION_LEVEL = "-Onone";
			};
			name = Debug;
		};
		B900EADC2BEBE27D00DDCBC0 /* Release */ = {
			isa = XCBuildConfiguration;
			buildSettings = {
				ALWAYS_SEARCH_USER_PATHS = NO;
				ASSETCATALOG_COMPILER_GENERATE_SWIFT_ASSET_SYMBOL_EXTENSIONS = YES;
				CLANG_ANALYZER_NONNULL = YES;
				CLANG_ANALYZER_NUMBER_OBJECT_CONVERSION = YES_AGGRESSIVE;
				CLANG_CXX_LANGUAGE_STANDARD = "gnu++20";
				CLANG_ENABLE_MODULES = YES;
				CLANG_ENABLE_OBJC_ARC = YES;
				CLANG_ENABLE_OBJC_WEAK = YES;
				CLANG_WARN_BLOCK_CAPTURE_AUTORELEASING = YES;
				CLANG_WARN_BOOL_CONVERSION = YES;
				CLANG_WARN_COMMA = YES;
				CLANG_WARN_CONSTANT_CONVERSION = YES;
				CLANG_WARN_DEPRECATED_OBJC_IMPLEMENTATIONS = YES;
				CLANG_WARN_DIRECT_OBJC_ISA_USAGE = YES_ERROR;
				CLANG_WARN_DOCUMENTATION_COMMENTS = YES;
				CLANG_WARN_EMPTY_BODY = YES;
				CLANG_WARN_ENUM_CONVERSION = YES;
				CLANG_WARN_INFINITE_RECURSION = YES;
				CLANG_WARN_INT_CONVERSION = YES;
				CLANG_WARN_NON_LITERAL_NULL_CONVERSION = YES;
				CLANG_WARN_OBJC_IMPLICIT_RETAIN_SELF = YES;
				CLANG_WARN_OBJC_LITERAL_CONVERSION = YES;
				CLANG_WARN_OBJC_ROOT_CLASS = YES_ERROR;
				CLANG_WARN_QUOTED_INCLUDE_IN_FRAMEWORK_HEADER = YES;
				CLANG_WARN_RANGE_LOOP_ANALYSIS = YES;
				CLANG_WARN_STRICT_PROTOTYPES = YES;
				CLANG_WARN_SUSPICIOUS_MOVE = YES;
				CLANG_WARN_UNGUARDED_AVAILABILITY = YES_AGGRESSIVE;
				CLANG_WARN_UNREACHABLE_CODE = YES;
				CLANG_WARN__DUPLICATE_METHOD_MATCH = YES;
				COPY_PHASE_STRIP = NO;
				DEBUG_INFORMATION_FORMAT = "dwarf-with-dsym";
				ENABLE_NS_ASSERTIONS = NO;
				ENABLE_STRICT_OBJC_MSGSEND = YES;
				ENABLE_USER_SCRIPT_SANDBOXING = YES;
				GCC_C_LANGUAGE_STANDARD = gnu17;
				GCC_NO_COMMON_BLOCKS = YES;
				GCC_WARN_64_TO_32_BIT_CONVERSION = YES;
				GCC_WARN_ABOUT_RETURN_TYPE = YES_ERROR;
				GCC_WARN_UNDECLARED_SELECTOR = YES;
				GCC_WARN_UNINITIALIZED_AUTOS = YES_AGGRESSIVE;
				GCC_WARN_UNUSED_FUNCTION = YES;
				GCC_WARN_UNUSED_VARIABLE = YES;
				IPHONEOS_DEPLOYMENT_TARGET = 17.4;
				LOCALIZATION_PREFERS_STRING_CATALOGS = YES;
				MTL_ENABLE_DEBUG_INFO = NO;
				MTL_FAST_MATH = YES;
				SDKROOT = iphoneos;
				SWIFT_COMPILATION_MODE = wholemodule;
				VALIDATE_PRODUCT = YES;
			};
			name = Release;
		};
		B900EADE2BEBE27D00DDCBC0 /* Debug */ = {
			isa = XCBuildConfiguration;
			buildSettings = {
				ASSETCATALOG_COMPILER_APPICON_NAME = AppIcon;
				ASSETCATALOG_COMPILER_GLOBAL_ACCENT_COLOR_NAME = AccentColor;
				CODE_SIGN_STYLE = Automatic;
				CURRENT_PROJECT_VERSION = 1;
				GENERATE_INFOPLIST_FILE = YES;
				INFOPLIST_FILE = PerezColeccionDeJuegos/Info.plist;
				INFOPLIST_KEY_UIApplicationSupportsIndirectInputEvents = YES;
				INFOPLIST_KEY_UILaunchStoryboardName = LaunchScreen;
				INFOPLIST_KEY_UIMainStoryboardFile = Main;
				INFOPLIST_KEY_UISupportedInterfaceOrientations_iPad = "UIInterfaceOrientationPortrait UIInterfaceOrientationPortraitUpsideDown UIInterfaceOrientationLandscapeLeft UIInterfaceOrientationLandscapeRight";
				INFOPLIST_KEY_UISupportedInterfaceOrientations_iPhone = "UIInterfaceOrientationPortrait UIInterfaceOrientationLandscapeLeft UIInterfaceOrientationLandscapeRight";
				LD_RUNPATH_SEARCH_PATHS = (
					"$(inherited)",
					"@executable_path/Frameworks",
				);
				MARKETING_VERSION = 1.0;
				PRODUCT_BUNDLE_IDENTIFIER = com.miempresa.PerezColeccionDeJuegos;
				PRODUCT_NAME = "$(TARGET_NAME)";
				SWIFT_EMIT_LOC_STRINGS = YES;
				SWIFT_VERSION = 5.0;
				TARGETED_DEVICE_FAMILY = "1,2";
			};
			name = Debug;
		};
		B900EADF2BEBE27D00DDCBC0 /* Release */ = {
			isa = XCBuildConfiguration;
			buildSettings = {
				ASSETCATALOG_COMPILER_APPICON_NAME = AppIcon;
				ASSETCATALOG_COMPILER_GLOBAL_ACCENT_COLOR_NAME = AccentColor;
				CODE_SIGN_STYLE = Automatic;
				CURRENT_PROJECT_VERSION = 1;
				GENERATE_INFOPLIST_FILE = YES;
				INFOPLIST_FILE = PerezColeccionDeJuegos/Info.plist;
				INFOPLIST_KEY_UIApplicationSupportsIndirectInputEvents = YES;
				INFOPLIST_KEY_UILaunchStoryboardName = LaunchScreen;
				INFOPLIST_KEY_UIMainStoryboardFile = Main;
				INFOPLIST_KEY_UISupportedInterfaceOrientations_iPad = "UIInterfaceOrientationPortrait UIInterfaceOrientationPortraitUpsideDown UIInterfaceOrientationLandscapeLeft UIInterfaceOrientationLandscapeRight";
				INFOPLIST_KEY_UISupportedInterfaceOrientations_iPhone = "UIInterfaceOrientationPortrait UIInterfaceOrientationLandscapeLeft UIInterfaceOrientationLandscapeRight";
				LD_RUNPATH_SEARCH_PATHS = (
					"$(inherited)",
					"@executable_path/Frameworks",
				);
				MARKETING_VERSION = 1.0;
				PRODUCT_BUNDLE_IDENTIFIER = com.miempresa.PerezColeccionDeJuegos;
				PRODUCT_NAME = "$(TARGET_NAME)";
				SWIFT_EMIT_LOC_STRINGS = YES;
				SWIFT_VERSION = 5.0;
				TARGETED_DEVICE_FAMILY = "1,2";
			};
			name = Release;
		};
/* End XCBuildConfiguration section */

/* Begin XCConfigurationList section */
		B900EAC12BEBE27B00DDCBC0 /* Build configuration list for PBXProject "PerezColeccionDeJuegos" */ = {
			isa = XCConfigurationList;
			buildConfigurations = (
				B900EADB2BEBE27D00DDCBC0 /* Debug */,
				B900EADC2BEBE27D00DDCBC0 /* Release */,
			);
			defaultConfigurationIsVisible = 0;
			defaultConfigurationName = Release;
		};
		B900EADD2BEBE27D00DDCBC0 /* Build configuration list for PBXNativeTarget "PerezColeccionDeJuegos" */ = {
			isa = XCConfigurationList;
			buildConfigurations = (
				B900EADE2BEBE27D00DDCBC0 /* Debug */,
				B900EADF2BEBE27D00DDCBC0 /* Release */,
			);
			defaultConfigurationIsVisible = 0;
			defaultConfigurationName = Release;
		};
/* End XCConfigurationList section */

/* Begin XCVersionGroup section */
		B900EAD22BEBE27B00DDCBC0 /* PerezColeccionDeJuegos.xcdatamodeld */ = {
			isa = XCVersionGroup;
			children = (
				B900EAD32BEBE27B00DDCBC0 /* PerezColeccionDeJuegos.xcdatamodel */,
			);
			currentVersion = B900EAD32BEBE27B00DDCBC0 /* PerezColeccionDeJuegos.xcdatamodel */;
			path = PerezColeccionDeJuegos.xcdatamodeld;
			sourceTree = "<group>";
			versionGroupType = wrapper.xcdatamodel;
		};
/* End XCVersionGroup section */
	};
	rootObject = B900EABE2BEBE27B00DDCBC0 /* Project object */;
}
